// !$*UTF8*$!
{
	archiveVersion = 1;
	classes = {
	};
	objectVersion = 56;
	objects = {

/* Begin PBXBuildFile section */
		FD5810922A18F04200A77C78 /* ChatGPTApp.swift in Sources */ = {isa = PBXBuildFile; fileRef = FD5810912A18F04200A77C78 /* ChatGPTApp.swift */; };
		FD5810962A18F04400A77C78 /* Assets.xcassets in Resources */ = {isa = PBXBuildFile; fileRef = FD5810952A18F04400A77C78 /* Assets.xcassets */; };
		FD5810992A18F04400A77C78 /* Preview Assets.xcassets in Resources */ = {isa = PBXBuildFile; fileRef = FD5810982A18F04400A77C78 /* Preview Assets.xcassets */; };
		FD5810A42A18F51E00A77C78 /* ChatView.swift in Sources */ = {isa = PBXBuildFile; fileRef = FD5810A32A18F51E00A77C78 /* ChatView.swift */; };
		FD5810AC2A18F7B500A77C78 /* ChatHeaderView.swift in Sources */ = {isa = PBXBuildFile; fileRef = FD5810AB2A18F7B500A77C78 /* ChatHeaderView.swift */; };
		FD5810AE2A19152200A77C78 /* ChatInputView.swift in Sources */ = {isa = PBXBuildFile; fileRef = FD5810AD2A19152200A77C78 /* ChatInputView.swift */; };
		FD5810B22A19208E00A77C78 /* OpenAIAPI.swift in Sources */ = {isa = PBXBuildFile; fileRef = FD5810B12A19208E00A77C78 /* OpenAIAPI.swift */; };
		FD5810B42A19219F00A77C78 /* ChatModel.swift in Sources */ = {isa = PBXBuildFile; fileRef = FD5810B32A19219F00A77C78 /* ChatModel.swift */; };
		FD5810B72A19227900A77C78 /* ChatViewModel.swift in Sources */ = {isa = PBXBuildFile; fileRef = FD5810B62A19227900A77C78 /* ChatViewModel.swift */; };
		FD5810B92A1924F300A77C78 /* MessageModel.swift in Sources */ = {isa = PBXBuildFile; fileRef = FD5810B82A1924F300A77C78 /* MessageModel.swift */; };
		FD5810BF2A1925BC00A77C78 /* ChatItemView.swift in Sources */ = {isa = PBXBuildFile; fileRef = FD5810BE2A1925BC00A77C78 /* ChatItemView.swift */; };
		FD5810C12A19269200A77C78 /* MessageItem.swift in Sources */ = {isa = PBXBuildFile; fileRef = FD5810C02A19269200A77C78 /* MessageItem.swift */; };
		FD5810C72A193E0900A77C78 /* ImageModel.swift in Sources */ = {isa = PBXBuildFile; fileRef = FD5810C62A193E0900A77C78 /* ImageModel.swift */; };
/* End PBXBuildFile section */

/* Begin PBXFileReference section */
		FD58108E2A18F04200A77C78 /* ChatGPT.app */ = {isa = PBXFileReference; explicitFileType = wrapper.application; includeInIndex = 0; path = ChatGPT.app; sourceTree = BUILT_PRODUCTS_DIR; };
		FD5810912A18F04200A77C78 /* ChatGPTApp.swift */ = {isa = PBXFileReference; lastKnownFileType = sourcecode.swift; path = ChatGPTApp.swift; sourceTree = "<group>"; };
		FD5810952A18F04400A77C78 /* Assets.xcassets */ = {isa = PBXFileReference; lastKnownFileType = folder.assetcatalog; path = Assets.xcassets; sourceTree = "<group>"; };
		FD5810982A18F04400A77C78 /* Preview Assets.xcassets */ = {isa = PBXFileReference; lastKnownFileType = folder.assetcatalog; path = "Preview Assets.xcassets"; sourceTree = "<group>"; };
		FD5810A32A18F51E00A77C78 /* ChatView.swift */ = {isa = PBXFileReference; lastKnownFileType = sourcecode.swift; path = ChatView.swift; sourceTree = "<group>"; };
		FD5810AB2A18F7B500A77C78 /* ChatHeaderView.swift */ = {isa = PBXFileReference; lastKnownFileType = sourcecode.swift; path = ChatHeaderView.swift; sourceTree = "<group>"; };
		FD5810AD2A19152200A77C78 /* ChatInputView.swift */ = {isa = PBXFileReference; lastKnownFileType = sourcecode.swift; path = ChatInputView.swift; sourceTree = "<group>"; };
		FD5810B12A19208E00A77C78 /* OpenAIAPI.swift */ = {isa = PBXFileReference; lastKnownFileType = sourcecode.swift; path = OpenAIAPI.swift; sourceTree = "<group>"; };
		FD5810B32A19219F00A77C78 /* ChatModel.swift */ = {isa = PBXFileReference; lastKnownFileType = sourcecode.swift; path = ChatModel.swift; sourceTree = "<group>"; };
		FD5810B62A19227900A77C78 /* ChatViewModel.swift */ = {isa = PBXFileReference; lastKnownFileType = sourcecode.swift; path = ChatViewModel.swift; sourceTree = "<group>"; };
		FD5810B82A1924F300A77C78 /* MessageModel.swift */ = {isa = PBXFileReference; lastKnownFileType = sourcecode.swift; path = MessageModel.swift; sourceTree = "<group>"; };
		FD5810BE2A1925BC00A77C78 /* ChatItemView.swift */ = {isa = PBXFileReference; lastKnownFileType = sourcecode.swift; path = ChatItemView.swift; sourceTree = "<group>"; };
		FD5810C02A19269200A77C78 /* MessageItem.swift */ = {isa = PBXFileReference; lastKnownFileType = sourcecode.swift; path = MessageItem.swift; sourceTree = "<group>"; };
		FD5810C62A193E0900A77C78 /* ImageModel.swift */ = {isa = PBXFileReference; lastKnownFileType = sourcecode.swift; path = ImageModel.swift; sourceTree = "<group>"; };
/* End PBXFileReference section */

/* Begin PBXFrameworksBuildPhase section */
		FD58108B2A18F04200A77C78 /* Frameworks */ = {
			isa = PBXFrameworksBuildPhase;
			buildActionMask = 2147483647;
			files = (
			);
			runOnlyForDeploymentPostprocessing = 0;
		};
/* End PBXFrameworksBuildPhase section */

/* Begin PBXGroup section */
		FD5810852A18F04200A77C78 = {
			isa = PBXGroup;
			children = (
				FD5810902A18F04200A77C78 /* ChatGPT */,
				FD58108F2A18F04200A77C78 /* Products */,
			);
			sourceTree = "<group>";
		};
		FD58108F2A18F04200A77C78 /* Products */ = {
			isa = PBXGroup;
			children = (
				FD58108E2A18F04200A77C78 /* ChatGPT.app */,
			);
			name = Products;
			sourceTree = "<group>";
		};
		FD5810902A18F04200A77C78 /* ChatGPT */ = {
			isa = PBXGroup;
			children = (
				FD58109F2A18F4C100A77C78 /* Assets */,
				FD5810A62A18F69400A77C78 /* Model */,
				FD5810A02A18F4E600A77C78 /* UI */,
				FD5810AF2A19206B00A77C78 /* Utils */,
				FD5810912A18F04200A77C78 /* ChatGPTApp.swift */,
			);
			path = ChatGPT;
			sourceTree = "<group>";
		};
		FD5810972A18F04400A77C78 /* Preview Content */ = {
			isa = PBXGroup;
			children = (
				FD5810982A18F04400A77C78 /* Preview Assets.xcassets */,
			);
			path = "Preview Content";
			sourceTree = "<group>";
		};
		FD58109F2A18F4C100A77C78 /* Assets */ = {
			isa = PBXGroup;
			children = (
				FD5810952A18F04400A77C78 /* Assets.xcassets */,
				FD5810972A18F04400A77C78 /* Preview Content */,
			);
			path = Assets;
			sourceTree = "<group>";
		};
		FD5810A02A18F4E600A77C78 /* UI */ = {
			isa = PBXGroup;
			children = (
				FD5810A22A18F4FF00A77C78 /* Components */,
				FD5810A12A18F4F400A77C78 /* Screens */,
			);
			path = UI;
			sourceTree = "<group>";
		};
		FD5810A12A18F4F400A77C78 /* Screens */ = {
			isa = PBXGroup;
			children = (
				FD5810A32A18F51E00A77C78 /* ChatView.swift */,
				FD5810B62A19227900A77C78 /* ChatViewModel.swift */,
			);
			path = Screens;
			sourceTree = "<group>";
		};
		FD5810A22A18F4FF00A77C78 /* Components */ = {
			isa = PBXGroup;
			children = (
				FD5810AB2A18F7B500A77C78 /* ChatHeaderView.swift */,
				FD5810AD2A19152200A77C78 /* ChatInputView.swift */,
				FD5810BE2A1925BC00A77C78 /* ChatItemView.swift */,
				FD5810C02A19269200A77C78 /* MessageItem.swift */,
			);
			path = Components;
			sourceTree = "<group>";
		};
		FD5810A62A18F69400A77C78 /* Model */ = {
			isa = PBXGroup;
			children = (
				FD5810B32A19219F00A77C78 /* ChatModel.swift */,
				FD5810B82A1924F300A77C78 /* MessageModel.swift */,
				FD5810C62A193E0900A77C78 /* ImageModel.swift */,
			);
			path = Model;
			sourceTree = "<group>";
		};
		FD5810AF2A19206B00A77C78 /* Utils */ = {
			isa = PBXGroup;
			children = (
				FD5810B02A19207D00A77C78 /* Network */,
			);
			path = Utils;
			sourceTree = "<group>";
		};
		FD5810B02A19207D00A77C78 /* Network */ = {
			isa = PBXGroup;
			children = (
				FD5810B12A19208E00A77C78 /* OpenAIAPI.swift */,
			);
			path = Network;
			sourceTree = "<group>";
		};
/* End PBXGroup section */

/* Begin PBXNativeTarget section */
		FD58108D2A18F04200A77C78 /* ChatGPT */ = {
			isa = PBXNativeTarget;
			buildConfigurationList = FD58109C2A18F04400A77C78 /* Build configuration list for PBXNativeTarget "ChatGPT" */;
			buildPhases = (
				FD58108A2A18F04200A77C78 /* Sources */,
				FD58108B2A18F04200A77C78 /* Frameworks */,
				FD58108C2A18F04200A77C78 /* Resources */,
			);
			buildRules = (
			);
			dependencies = (
			);
			name = ChatGPT;
			productName = ChatGPT;
			productReference = FD58108E2A18F04200A77C78 /* ChatGPT.app */;
			productType = "com.apple.product-type.application";
		};
/* End PBXNativeTarget section */

/* Begin PBXProject section */
		FD5810862A18F04200A77C78 /* Project object */ = {
			isa = PBXProject;
			attributes = {
				BuildIndependentTargetsInParallel = 1;
				LastSwiftUpdateCheck = 1430;
				LastUpgradeCheck = 1430;
				TargetAttributes = {
					FD58108D2A18F04200A77C78 = {
						CreatedOnToolsVersion = 14.3;
					};
				};
			};
			buildConfigurationList = FD5810892A18F04200A77C78 /* Build configuration list for PBXProject "ChatGPT" */;
			compatibilityVersion = "Xcode 14.0";
			developmentRegion = ru;
			hasScannedForEncodings = 0;
			knownRegions = (
				Base,
				ru,
			);
			mainGroup = FD5810852A18F04200A77C78;
			productRefGroup = FD58108F2A18F04200A77C78 /* Products */;
			projectDirPath = "";
			projectRoot = "";
			targets = (
				FD58108D2A18F04200A77C78 /* ChatGPT */,
			);
		};
/* End PBXProject section */

/* Begin PBXResourcesBuildPhase section */
		FD58108C2A18F04200A77C78 /* Resources */ = {
			isa = PBXResourcesBuildPhase;
			buildActionMask = 2147483647;
			files = (
				FD5810992A18F04400A77C78 /* Preview Assets.xcassets in Resources */,
				FD5810962A18F04400A77C78 /* Assets.xcassets in Resources */,
			);
			runOnlyForDeploymentPostprocessing = 0;
		};
/* End PBXResourcesBuildPhase section */

/* Begin PBXSourcesBuildPhase section */
		FD58108A2A18F04200A77C78 /* Sources */ = {
			isa = PBXSourcesBuildPhase;
			buildActionMask = 2147483647;
			files = (
				FD5810C72A193E0900A77C78 /* ImageModel.swift in Sources */,
				FD5810B22A19208E00A77C78 /* OpenAIAPI.swift in Sources */,
				FD5810B72A19227900A77C78 /* ChatViewModel.swift in Sources */,
				FD5810BF2A1925BC00A77C78 /* ChatItemView.swift in Sources */,
				FD5810AC2A18F7B500A77C78 /* ChatHeaderView.swift in Sources */,
				FD5810B92A1924F300A77C78 /* MessageModel.swift in Sources */,
				FD5810922A18F04200A77C78 /* ChatGPTApp.swift in Sources */,
				FD5810C12A19269200A77C78 /* MessageItem.swift in Sources */,
				FD5810AE2A19152200A77C78 /* ChatInputView.swift in Sources */,
				FD5810A42A18F51E00A77C78 /* ChatView.swift in Sources */,
				FD5810B42A19219F00A77C78 /* ChatModel.swift in Sources */,
			);
			runOnlyForDeploymentPostprocessing = 0;
		};
/* End PBXSourcesBuildPhase section */

/* Begin XCBuildConfiguration section */
		FD58109A2A18F04400A77C78 /* Debug */ = {
			isa = XCBuildConfiguration;
			buildSettings = {
				ALWAYS_SEARCH_USER_PATHS = NO;
				CLANG_ANALYZER_NONNULL = YES;
				CLANG_ANALYZER_NUMBER_OBJECT_CONVERSION = YES_AGGRESSIVE;
				CLANG_CXX_LANGUAGE_STANDARD = "gnu++20";
				CLANG_ENABLE_MODULES = YES;
				CLANG_ENABLE_OBJC_ARC = YES;
				CLANG_ENABLE_OBJC_WEAK = YES;
				CLANG_WARN_BLOCK_CAPTURE_AUTORELEASING = YES;
				CLANG_WARN_BOOL_CONVERSION = YES;
				CLANG_WARN_COMMA = YES;
				CLANG_WARN_CONSTANT_CONVERSION = YES;
				CLANG_WARN_DEPRECATED_OBJC_IMPLEMENTATIONS = YES;
				CLANG_WARN_DIRECT_OBJC_ISA_USAGE = YES_ERROR;
				CLANG_WARN_DOCUMENTATION_COMMENTS = YES;
				CLANG_WARN_EMPTY_BODY = YES;
				CLANG_WARN_ENUM_CONVERSION = YES;
				CLANG_WARN_INFINITE_RECURSION = YES;
				CLANG_WARN_INT_CONVERSION = YES;
				CLANG_WARN_NON_LITERAL_NULL_CONVERSION = YES;
				CLANG_WARN_OBJC_IMPLICIT_RETAIN_SELF = YES;
				CLANG_WARN_OBJC_LITERAL_CONVERSION = YES;
				CLANG_WARN_OBJC_ROOT_CLASS = YES_ERROR;
				CLANG_WARN_QUOTED_INCLUDE_IN_FRAMEWORK_HEADER = YES;
				CLANG_WARN_RANGE_LOOP_ANALYSIS = YES;
				CLANG_WARN_STRICT_PROTOTYPES = YES;
				CLANG_WARN_SUSPICIOUS_MOVE = YES;
				CLANG_WARN_UNGUARDED_AVAILABILITY = YES_AGGRESSIVE;
				CLANG_WARN_UNREACHABLE_CODE = YES;
				CLANG_WARN__DUPLICATE_METHOD_MATCH = YES;
				COPY_PHASE_STRIP = NO;
				DEBUG_INFORMATION_FORMAT = dwarf;
				ENABLE_STRICT_OBJC_MSGSEND = YES;
				ENABLE_TESTABILITY = YES;
				GCC_C_LANGUAGE_STANDARD = gnu11;
				GCC_DYNAMIC_NO_PIC = NO;
				GCC_NO_COMMON_BLOCKS = YES;
				GCC_OPTIMIZATION_LEVEL = 0;
				GCC_PREPROCESSOR_DEFINITIONS = (
					"DEBUG=1",
					"$(inherited)",
				);
				GCC_WARN_64_TO_32_BIT_CONVERSION = YES;
				GCC_WARN_ABOUT_RETURN_TYPE = YES_ERROR;
				GCC_WARN_UNDECLARED_SELECTOR = YES;
				GCC_WARN_UNINITIALIZED_AUTOS = YES_AGGRESSIVE;
				GCC_WARN_UNUSED_FUNCTION = YES;
				GCC_WARN_UNUSED_VARIABLE = YES;
				IPHONEOS_DEPLOYMENT_TARGET = 16.4;
				MTL_ENABLE_DEBUG_INFO = INCLUDE_SOURCE;
				MTL_FAST_MATH = YES;
				ONLY_ACTIVE_ARCH = YES;
				SDKROOT = iphoneos;
				SWIFT_ACTIVE_COMPILATION_CONDITIONS = DEBUG;
				SWIFT_OPTIMIZATION_LEVEL = "-Onone";
			};
			name = Debug;
		};
		FD58109B2A18F04400A77C78 /* Release */ = {
			isa = XCBuildConfiguration;
			buildSettings = {
				ALWAYS_SEARCH_USER_PATHS = NO;
				CLANG_ANALYZER_NONNULL = YES;
				CLANG_ANALYZER_NUMBER_OBJECT_CONVERSION = YES_AGGRESSIVE;
				CLANG_CXX_LANGUAGE_STANDARD = "gnu++20";
				CLANG_ENABLE_MODULES = YES;
				CLANG_ENABLE_OBJC_ARC = YES;
				CLANG_ENABLE_OBJC_WEAK = YES;
				CLANG_WARN_BLOCK_CAPTURE_AUTORELEASING = YES;
				CLANG_WARN_BOOL_CONVERSION = YES;
				CLANG_WARN_COMMA = YES;
				CLANG_WARN_CONSTANT_CONVERSION = YES;
				CLANG_WARN_DEPRECATED_OBJC_IMPLEMENTATIONS = YES;
				CLANG_WARN_DIRECT_OBJC_ISA_USAGE = YES_ERROR;
				CLANG_WARN_DOCUMENTATION_COMMENTS = YES;
				CLANG_WARN_EMPTY_BODY = YES;
				CLANG_WARN_ENUM_CONVERSION = YES;
				CLANG_WARN_INFINITE_RECURSION = YES;
				CLANG_WARN_INT_CONVERSION = YES;
				CLANG_WARN_NON_LITERAL_NULL_CONVERSION = YES;
				CLANG_WARN_OBJC_IMPLICIT_RETAIN_SELF = YES;
				CLANG_WARN_OBJC_LITERAL_CONVERSION = YES;
				CLANG_WARN_OBJC_ROOT_CLASS = YES_ERROR;
				CLANG_WARN_QUOTED_INCLUDE_IN_FRAMEWORK_HEADER = YES;
				CLANG_WARN_RANGE_LOOP_ANALYSIS = YES;
				CLANG_WARN_STRICT_PROTOTYPES = YES;
				CLANG_WARN_SUSPICIOUS_MOVE = YES;
				CLANG_WARN_UNGUARDED_AVAILABILITY = YES_AGGRESSIVE;
				CLANG_WARN_UNREACHABLE_CODE = YES;
				CLANG_WARN__DUPLICATE_METHOD_MATCH = YES;
				COPY_PHASE_STRIP = NO;
				DEBUG_INFORMATION_FORMAT = "dwarf-with-dsym";
				ENABLE_NS_ASSERTIONS = NO;
				ENABLE_STRICT_OBJC_MSGSEND = YES;
				GCC_C_LANGUAGE_STANDARD = gnu11;
				GCC_NO_COMMON_BLOCKS = YES;
				GCC_WARN_64_TO_32_BIT_CONVERSION = YES;
				GCC_WARN_ABOUT_RETURN_TYPE = YES_ERROR;
				GCC_WARN_UNDECLARED_SELECTOR = YES;
				GCC_WARN_UNINITIALIZED_AUTOS = YES_AGGRESSIVE;
				GCC_WARN_UNUSED_FUNCTION = YES;
				GCC_WARN_UNUSED_VARIABLE = YES;
				IPHONEOS_DEPLOYMENT_TARGET = 16.4;
				MTL_ENABLE_DEBUG_INFO = NO;
				MTL_FAST_MATH = YES;
				SDKROOT = iphoneos;
				SWIFT_COMPILATION_MODE = wholemodule;
				SWIFT_OPTIMIZATION_LEVEL = "-O";
				VALIDATE_PRODUCT = YES;
			};
			name = Release;
		};
		FD58109D2A18F04400A77C78 /* Debug */ = {
			isa = XCBuildConfiguration;
			buildSettings = {
				ASSETCATALOG_COMPILER_APPICON_NAME = AppIcon;
				ASSETCATALOG_COMPILER_GLOBAL_ACCENT_COLOR_NAME = AccentColor;
				CODE_SIGN_STYLE = Automatic;
				CURRENT_PROJECT_VERSION = 1;
				DEVELOPMENT_ASSET_PATHS = "\"ChatGPT/Assets/Preview Content\"";
				ENABLE_PREVIEWS = YES;
				GENERATE_INFOPLIST_FILE = YES;
				INFOPLIST_KEY_UIApplicationSceneManifest_Generation = YES;
				INFOPLIST_KEY_UIApplicationSupportsIndirectInputEvents = YES;
				INFOPLIST_KEY_UILaunchScreen_Generation = YES;
				INFOPLIST_KEY_UISupportedInterfaceOrientations_iPad = "UIInterfaceOrientationPortrait UIInterfaceOrientationPortraitUpsideDown UIInterfaceOrientationLandscapeLeft UIInterfaceOrientationLandscapeRight";
				INFOPLIST_KEY_UISupportedInterfaceOrientations_iPhone = "UIInterfaceOrientationPortrait UIInterfaceOrientationLandscapeLeft UIInterfaceOrientationLandscapeRight";
				INFOPLIST_KEY_UIUserInterfaceStyle = Dark;
				IPHONEOS_DEPLOYMENT_TARGET = 15.0;
				LD_RUNPATH_SEARCH_PATHS = (
					"$(inherited)",
					"@executable_path/Frameworks",
				);
				MARKETING_VERSION = 1.0;
				PRODUCT_BUNDLE_IDENTIFIER = ru.magomedcoder.chatgpt;
				PRODUCT_NAME = "$(TARGET_NAME)";
				SUPPORTED_PLATFORMS = "iphoneos iphonesimulator";
				SUPPORTS_MACCATALYST = NO;
				SUPPORTS_MAC_DESIGNED_FOR_IPHONE_IPAD = NO;
				SWIFT_EMIT_LOC_STRINGS = YES;
				SWIFT_VERSION = 5.0;
				TARGETED_DEVICE_FAMILY = "1,2";
			};
			name = Debug;
		};
		FD58109E2A18F04400A77C78 /* Release */ = {
			isa = XCBuildConfiguration;
			buildSettings = {
				ASSETCATALOG_COMPILER_APPICON_NAME = AppIcon;
				ASSETCATALOG_COMPILER_GLOBAL_ACCENT_COLOR_NAME = AccentColor;
				CODE_SIGN_STYLE = Automatic;
				CURRENT_PROJECT_VERSION = 1;
				DEVELOPMENT_ASSET_PATHS = "\"ChatGPT/Assets/Preview Content\"";
				ENABLE_PREVIEWS = YES;
				GENERATE_INFOPLIST_FILE = YES;
				INFOPLIST_KEY_UIApplicationSceneManifest_Generation = YES;
				INFOPLIST_KEY_UIApplicationSupportsIndirectInputEvents = YES;
				INFOPLIST_KEY_UILaunchScreen_Generation = YES;
				INFOPLIST_KEY_UISupportedInterfaceOrientations_iPad = "UIInterfaceOrientationPortrait UIInterfaceOrientationPortraitUpsideDown UIInterfaceOrientationLandscapeLeft UIInterfaceOrientationLandscapeRight";
				INFOPLIST_KEY_UISupportedInterfaceOrientations_iPhone = "UIInterfaceOrientationPortrait UIInterfaceOrientationLandscapeLeft UIInterfaceOrientationLandscapeRight";
				INFOPLIST_KEY_UIUserInterfaceStyle = Dark;
				IPHONEOS_DEPLOYMENT_TARGET = 15.0;
				LD_RUNPATH_SEARCH_PATHS = (
					"$(inherited)",
					"@executable_path/Frameworks",
				);
				MARKETING_VERSION = 1.0;
				PRODUCT_BUNDLE_IDENTIFIER = ru.magomedcoder.chatgpt;
				PRODUCT_NAME = "$(TARGET_NAME)";
				SUPPORTED_PLATFORMS = "iphoneos iphonesimulator";
				SUPPORTS_MACCATALYST = NO;
				SUPPORTS_MAC_DESIGNED_FOR_IPHONE_IPAD = NO;
				SWIFT_EMIT_LOC_STRINGS = YES;
				SWIFT_VERSION = 5.0;
				TARGETED_DEVICE_FAMILY = "1,2";
			};
			name = Release;
		};
/* End XCBuildConfiguration section */

/* Begin XCConfigurationList section */
		FD5810892A18F04200A77C78 /* Build configuration list for PBXProject "ChatGPT" */ = {
			isa = XCConfigurationList;
			buildConfigurations = (
				FD58109A2A18F04400A77C78 /* Debug */,
				FD58109B2A18F04400A77C78 /* Release */,
			);
			defaultConfigurationIsVisible = 0;
			defaultConfigurationName = Release;
		};
		FD58109C2A18F04400A77C78 /* Build configuration list for PBXNativeTarget "ChatGPT" */ = {
			isa = XCConfigurationList;
			buildConfigurations = (
				FD58109D2A18F04400A77C78 /* Debug */,
				FD58109E2A18F04400A77C78 /* Release */,
			);
			defaultConfigurationIsVisible = 0;
			defaultConfigurationName = Release;
		};
/* End XCConfigurationList section */
	};
	rootObject = FD5810862A18F04200A77C78 /* Project object */;
}
